
Microsoft Visual Studio Solution File, Format Version 12.00
# Visual Studio Version 17
VisualStudioVersion = 17.4.33205.214
MinimumVisualStudioVersion = 10.0.40219.1
Project("{888888A0-9F3D-457C-B088-3A5042F75D52}") = "Palgad", "Palgad\Palgad.pyproj", "{5B17C476-BEA2-4945-9592-2C534E8528E1}"
EndProject
Project("{888888A0-9F3D-457C-B088-3A5042F75D52}") = "Modul", "Modul\Modul.pyproj", "{674F26C7-2134-4F80-AFF2-9B7C7B541A7B}"
EndProject
Global
	GlobalSection(SolutionConfigurationPlatforms) = preSolution
		Debug|Any CPU = Debug|Any CPU
		Release|Any CPU = Release|Any CPU
	EndGlobalSection
	GlobalSection(ProjectConfigurationPlatforms) = postSolution
		{5B17C476-BEA2-4945-9592-2C534E8528E1}.Debug|Any CPU.ActiveCfg = Debug|Any CPU
		{5B17C476-BEA2-4945-9592-2C534E8528E1}.Release|Any CPU.ActiveCfg = Release|Any CPU
		{674F26C7-2134-4F80-AFF2-9B7C7B541A7B}.Debug|Any CPU.ActiveCfg = Debug|Any CPU
		{674F26C7-2134-4F80-AFF2-9B7C7B541A7B}.Release|Any CPU.ActiveCfg = Release|Any CPU
	EndGlobalSection
	GlobalSection(SolutionProperties) = preSolution
		HideSolutionNode = FALSE
	EndGlobalSection
	GlobalSection(ExtensibilityGlobals) = postSolution
		SolutionGuid = {607EFC20-F06B-43F0-886A-E8268769F390}
	EndGlobalSection
EndGlobal
